// !$*UTF8*$!
{
	archiveVersion = 1;
	classes = {
	};
	objectVersion = 50;
	objects = {

/* Begin PBXBuildFile section */
		94B3D0F53D7F02A33200F70C /* Pods_XYExtensionsDemo.framework in Frameworks */ = {isa = PBXBuildFile; fileRef = 0D3AE6E5C97F5AD1862C23E6 /* Pods_XYExtensionsDemo.framework */; };
		D765D94A233CEAF6004F14D8 /* AppDelegate.m in Sources */ = {isa = PBXBuildFile; fileRef = D765D949233CEAF6004F14D8 /* AppDelegate.m */; };
		D765D94D233CEAF6004F14D8 /* ViewController.m in Sources */ = {isa = PBXBuildFile; fileRef = D765D94C233CEAF6004F14D8 /* ViewController.m */; };
		D765D950233CEAF6004F14D8 /* Main.storyboard in Resources */ = {isa = PBXBuildFile; fileRef = D765D94E233CEAF6004F14D8 /* Main.storyboard */; };
		D765D952233CEAF7004F14D8 /* Assets.xcassets in Resources */ = {isa = PBXBuildFile; fileRef = D765D951233CEAF7004F14D8 /* Assets.xcassets */; };
		D765D955233CEAF7004F14D8 /* LaunchScreen.storyboard in Resources */ = {isa = PBXBuildFile; fileRef = D765D953233CEAF7004F14D8 /* LaunchScreen.storyboard */; };
		D765D958233CEAF7004F14D8 /* main.m in Sources */ = {isa = PBXBuildFile; fileRef = D765D957233CEAF7004F14D8 /* main.m */; };
		D765D962233CEAF7004F14D8 /* XYExtensionsDemoTests.m in Sources */ = {isa = PBXBuildFile; fileRef = D765D961233CEAF7004F14D8 /* XYExtensionsDemoTests.m */; };
		D765D96D233CEAF7004F14D8 /* XYExtensionsDemoUITests.m in Sources */ = {isa = PBXBuildFile; fileRef = D765D96C233CEAF7004F14D8 /* XYExtensionsDemoUITests.m */; };
/* End PBXBuildFile section */

/* Begin PBXContainerItemProxy section */
		D765D95E233CEAF7004F14D8 /* PBXContainerItemProxy */ = {
			isa = PBXContainerItemProxy;
			containerPortal = D765D93D233CEAF6004F14D8 /* Project object */;
			proxyType = 1;
			remoteGlobalIDString = D765D944233CEAF6004F14D8;
			remoteInfo = XYExtensionsDemo;
		};
		D765D969233CEAF7004F14D8 /* PBXContainerItemProxy */ = {
			isa = PBXContainerItemProxy;
			containerPortal = D765D93D233CEAF6004F14D8 /* Project object */;
			proxyType = 1;
			remoteGlobalIDString = D765D944233CEAF6004F14D8;
			remoteInfo = XYExtensionsDemo;
		};
/* End PBXContainerItemProxy section */

/* Begin PBXFileReference section */
		0D3AE6E5C97F5AD1862C23E6 /* Pods_XYExtensionsDemo.framework */ = {isa = PBXFileReference; explicitFileType = wrapper.framework; includeInIndex = 0; path = Pods_XYExtensionsDemo.framework; sourceTree = BUILT_PRODUCTS_DIR; };
		0F3A4FA1220D4A47836A8201 /* Pods-XYExtensionsDemo.debug.xcconfig */ = {isa = PBXFileReference; includeInIndex = 1; lastKnownFileType = text.xcconfig; name = "Pods-XYExtensionsDemo.debug.xcconfig"; path = "Target Support Files/Pods-XYExtensionsDemo/Pods-XYExtensionsDemo.debug.xcconfig"; sourceTree = "<group>"; };
		D765D945233CEAF6004F14D8 /* XYExtensionsDemo.app */ = {isa = PBXFileReference; explicitFileType = wrapper.application; includeInIndex = 0; path = XYExtensionsDemo.app; sourceTree = BUILT_PRODUCTS_DIR; };
		D765D948233CEAF6004F14D8 /* AppDelegate.h */ = {isa = PBXFileReference; lastKnownFileType = sourcecode.c.h; path = AppDelegate.h; sourceTree = "<group>"; };
		D765D949233CEAF6004F14D8 /* AppDelegate.m */ = {isa = PBXFileReference; lastKnownFileType = sourcecode.c.objc; path = AppDelegate.m; sourceTree = "<group>"; };
		D765D94B233CEAF6004F14D8 /* ViewController.h */ = {isa = PBXFileReference; lastKnownFileType = sourcecode.c.h; path = ViewController.h; sourceTree = "<group>"; };
		D765D94C233CEAF6004F14D8 /* ViewController.m */ = {isa = PBXFileReference; lastKnownFileType = sourcecode.c.objc; path = ViewController.m; sourceTree = "<group>"; };
		D765D94F233CEAF6004F14D8 /* Base */ = {isa = PBXFileReference; lastKnownFileType = file.storyboard; name = Base; path = Base.lproj/Main.storyboard; sourceTree = "<group>"; };
		D765D951233CEAF7004F14D8 /* Assets.xcassets */ = {isa = PBXFileReference; lastKnownFileType = folder.assetcatalog; path = Assets.xcassets; sourceTree = "<group>"; };
		D765D954233CEAF7004F14D8 /* Base */ = {isa = PBXFileReference; lastKnownFileType = file.storyboard; name = Base; path = Base.lproj/LaunchScreen.storyboard; sourceTree = "<group>"; };
		D765D956233CEAF7004F14D8 /* Info.plist */ = {isa = PBXFileReference; lastKnownFileType = text.plist.xml; path = Info.plist; sourceTree = "<group>"; };
		D765D957233CEAF7004F14D8 /* main.m */ = {isa = PBXFileReference; lastKnownFileType = sourcecode.c.objc; path = main.m; sourceTree = "<group>"; };
		D765D95D233CEAF7004F14D8 /* XYExtensionsDemoTests.xctest */ = {isa = PBXFileReference; explicitFileType = wrapper.cfbundle; includeInIndex = 0; path = XYExtensionsDemoTests.xctest; sourceTree = BUILT_PRODUCTS_DIR; };
		D765D961233CEAF7004F14D8 /* XYExtensionsDemoTests.m */ = {isa = PBXFileReference; lastKnownFileType = sourcecode.c.objc; path = XYExtensionsDemoTests.m; sourceTree = "<group>"; };
		D765D963233CEAF7004F14D8 /* Info.plist */ = {isa = PBXFileReference; lastKnownFileType = text.plist.xml; path = Info.plist; sourceTree = "<group>"; };
		D765D968233CEAF7004F14D8 /* XYExtensionsDemoUITests.xctest */ = {isa = PBXFileReference; explicitFileType = wrapper.cfbundle; includeInIndex = 0; path = XYExtensionsDemoUITests.xctest; sourceTree = BUILT_PRODUCTS_DIR; };
		D765D96C233CEAF7004F14D8 /* XYExtensionsDemoUITests.m */ = {isa = PBXFileReference; lastKnownFileType = sourcecode.c.objc; path = XYExtensionsDemoUITests.m; sourceTree = "<group>"; };
		D765D96E233CEAF7004F14D8 /* Info.plist */ = {isa = PBXFileReference; lastKnownFileType = text.plist.xml; path = Info.plist; sourceTree = "<group>"; };
		DEE91AB5872431E072EDE5BD /* Pods-XYExtensionsDemo.release.xcconfig */ = {isa = PBXFileReference; includeInIndex = 1; lastKnownFileType = text.xcconfig; name = "Pods-XYExtensionsDemo.release.xcconfig"; path = "Target Support Files/Pods-XYExtensionsDemo/Pods-XYExtensionsDemo.release.xcconfig"; sourceTree = "<group>"; };
/* End PBXFileReference section */

/* Begin PBXFrameworksBuildPhase section */
		D765D942233CEAF6004F14D8 /* Frameworks */ = {
			isa = PBXFrameworksBuildPhase;
			buildActionMask = 2147483647;
			files = (
				94B3D0F53D7F02A33200F70C /* Pods_XYExtensionsDemo.framework in Frameworks */,
			);
			runOnlyForDeploymentPostprocessing = 0;
		};
		D765D95A233CEAF7004F14D8 /* Frameworks */ = {
			isa = PBXFrameworksBuildPhase;
			buildActionMask = 2147483647;
			files = (
			);
			runOnlyForDeploymentPostprocessing = 0;
		};
		D765D965233CEAF7004F14D8 /* Frameworks */ = {
			isa = PBXFrameworksBuildPhase;
			buildActionMask = 2147483647;
			files = (
			);
			runOnlyForDeploymentPostprocessing = 0;
		};
/* End PBXFrameworksBuildPhase section */

/* Begin PBXGroup section */
		3AEF0770E25501930EFFBE8A /* Frameworks */ = {
			isa = PBXGroup;
			children = (
				0D3AE6E5C97F5AD1862C23E6 /* Pods_XYExtensionsDemo.framework */,
			);
			name = Frameworks;
			sourceTree = "<group>";
		};
		66C06CD8B8C32BA03CE354AD /* Pods */ = {
			isa = PBXGroup;
			children = (
				0F3A4FA1220D4A47836A8201 /* Pods-XYExtensionsDemo.debug.xcconfig */,
				DEE91AB5872431E072EDE5BD /* Pods-XYExtensionsDemo.release.xcconfig */,
			);
			name = Pods;
			path = Pods;
			sourceTree = "<group>";
		};
		D765D93C233CEAF6004F14D8 = {
			isa = PBXGroup;
			children = (
				D765D947233CEAF6004F14D8 /* XYExtensionsDemo */,
				D765D960233CEAF7004F14D8 /* XYExtensionsDemoTests */,
				D765D96B233CEAF7004F14D8 /* XYExtensionsDemoUITests */,
				D765D946233CEAF6004F14D8 /* Products */,
				66C06CD8B8C32BA03CE354AD /* Pods */,
				3AEF0770E25501930EFFBE8A /* Frameworks */,
			);
			sourceTree = "<group>";
		};
		D765D946233CEAF6004F14D8 /* Products */ = {
			isa = PBXGroup;
			children = (
				D765D945233CEAF6004F14D8 /* XYExtensionsDemo.app */,
				D765D95D233CEAF7004F14D8 /* XYExtensionsDemoTests.xctest */,
				D765D968233CEAF7004F14D8 /* XYExtensionsDemoUITests.xctest */,
			);
			name = Products;
			sourceTree = "<group>";
		};
		D765D947233CEAF6004F14D8 /* XYExtensionsDemo */ = {
			isa = PBXGroup;
			children = (
				D765D948233CEAF6004F14D8 /* AppDelegate.h */,
				D765D949233CEAF6004F14D8 /* AppDelegate.m */,
				D765D94B233CEAF6004F14D8 /* ViewController.h */,
				D765D94C233CEAF6004F14D8 /* ViewController.m */,
				D765D94E233CEAF6004F14D8 /* Main.storyboard */,
				D765D951233CEAF7004F14D8 /* Assets.xcassets */,
				D765D953233CEAF7004F14D8 /* LaunchScreen.storyboard */,
				D765D956233CEAF7004F14D8 /* Info.plist */,
				D765D957233CEAF7004F14D8 /* main.m */,
			);
			path = XYExtensionsDemo;
			sourceTree = "<group>";
		};
		D765D960233CEAF7004F14D8 /* XYExtensionsDemoTests */ = {
			isa = PBXGroup;
			children = (
				D765D961233CEAF7004F14D8 /* XYExtensionsDemoTests.m */,
				D765D963233CEAF7004F14D8 /* Info.plist */,
			);
			path = XYExtensionsDemoTests;
			sourceTree = "<group>";
		};
		D765D96B233CEAF7004F14D8 /* XYExtensionsDemoUITests */ = {
			isa = PBXGroup;
			children = (
				D765D96C233CEAF7004F14D8 /* XYExtensionsDemoUITests.m */,
				D765D96E233CEAF7004F14D8 /* Info.plist */,
			);
			path = XYExtensionsDemoUITests;
			sourceTree = "<group>";
		};
/* End PBXGroup section */

/* Begin PBXNativeTarget section */
		D765D944233CEAF6004F14D8 /* XYExtensionsDemo */ = {
			isa = PBXNativeTarget;
			buildConfigurationList = D765D971233CEAF7004F14D8 /* Build configuration list for PBXNativeTarget "XYExtensionsDemo" */;
			buildPhases = (
				A72E03611CE84806DF087905 /* [CP] Check Pods Manifest.lock */,
				D765D941233CEAF6004F14D8 /* Sources */,
				D765D942233CEAF6004F14D8 /* Frameworks */,
				D765D943233CEAF6004F14D8 /* Resources */,
				1014E33B8861CD8E84AACFF6 /* [CP] Embed Pods Frameworks */,
			);
			buildRules = (
			);
			dependencies = (
			);
			name = XYExtensionsDemo;
			productName = XYExtensionsDemo;
			productReference = D765D945233CEAF6004F14D8 /* XYExtensionsDemo.app */;
			productType = "com.apple.product-type.application";
		};
		D765D95C233CEAF7004F14D8 /* XYExtensionsDemoTests */ = {
			isa = PBXNativeTarget;
			buildConfigurationList = D765D974233CEAF7004F14D8 /* Build configuration list for PBXNativeTarget "XYExtensionsDemoTests" */;
			buildPhases = (
				D765D959233CEAF7004F14D8 /* Sources */,
				D765D95A233CEAF7004F14D8 /* Frameworks */,
				D765D95B233CEAF7004F14D8 /* Resources */,
			);
			buildRules = (
			);
			dependencies = (
				D765D95F233CEAF7004F14D8 /* PBXTargetDependency */,
			);
			name = XYExtensionsDemoTests;
			productName = XYExtensionsDemoTests;
			productReference = D765D95D233CEAF7004F14D8 /* XYExtensionsDemoTests.xctest */;
			productType = "com.apple.product-type.bundle.unit-test";
		};
		D765D967233CEAF7004F14D8 /* XYExtensionsDemoUITests */ = {
			isa = PBXNativeTarget;
			buildConfigurationList = D765D977233CEAF7004F14D8 /* Build configuration list for PBXNativeTarget "XYExtensionsDemoUITests" */;
			buildPhases = (
				D765D964233CEAF7004F14D8 /* Sources */,
				D765D965233CEAF7004F14D8 /* Frameworks */,
				D765D966233CEAF7004F14D8 /* Resources */,
			);
			buildRules = (
			);
			dependencies = (
				D765D96A233CEAF7004F14D8 /* PBXTargetDependency */,
			);
			name = XYExtensionsDemoUITests;
			productName = XYExtensionsDemoUITests;
			productReference = D765D968233CEAF7004F14D8 /* XYExtensionsDemoUITests.xctest */;
			productType = "com.apple.product-type.bundle.ui-testing";
		};
/* End PBXNativeTarget section */

/* Begin PBXProject section */
		D765D93D233CEAF6004F14D8 /* Project object */ = {
			isa = PBXProject;
			attributes = {
				LastUpgradeCheck = 1030;
				ORGANIZATIONNAME = lange;
				TargetAttributes = {
					D765D944233CEAF6004F14D8 = {
						CreatedOnToolsVersion = 10.3;
					};
					D765D95C233CEAF7004F14D8 = {
						CreatedOnToolsVersion = 10.3;
						TestTargetID = D765D944233CEAF6004F14D8;
					};
					D765D967233CEAF7004F14D8 = {
						CreatedOnToolsVersion = 10.3;
						TestTargetID = D765D944233CEAF6004F14D8;
					};
				};
			};
			buildConfigurationList = D765D940233CEAF6004F14D8 /* Build configuration list for PBXProject "XYExtensionsDemo" */;
			compatibilityVersion = "Xcode 9.3";
			developmentRegion = en;
			hasScannedForEncodings = 0;
			knownRegions = (
				en,
				Base,
			);
			mainGroup = D765D93C233CEAF6004F14D8;
			productRefGroup = D765D946233CEAF6004F14D8 /* Products */;
			projectDirPath = "";
			projectRoot = "";
			targets = (
				D765D944233CEAF6004F14D8 /* XYExtensionsDemo */,
				D765D95C233CEAF7004F14D8 /* XYExtensionsDemoTests */,
				D765D967233CEAF7004F14D8 /* XYExtensionsDemoUITests */,
			);
		};
/* End PBXProject section */

/* Begin PBXResourcesBuildPhase section */
		D765D943233CEAF6004F14D8 /* Resources */ = {
			isa = PBXResourcesBuildPhase;
			buildActionMask = 2147483647;
			files = (
				D765D955233CEAF7004F14D8 /* LaunchScreen.storyboard in Resources */,
				D765D952233CEAF7004F14D8 /* Assets.xcassets in Resources */,
				D765D950233CEAF6004F14D8 /* Main.storyboard in Resources */,
			);
			runOnlyForDeploymentPostprocessing = 0;
		};
		D765D95B233CEAF7004F14D8 /* Resources */ = {
			isa = PBXResourcesBuildPhase;
			buildActionMask = 2147483647;
			files = (
			);
			runOnlyForDeploymentPostprocessing = 0;
		};
		D765D966233CEAF7004F14D8 /* Resources */ = {
			isa = PBXResourcesBuildPhase;
			buildActionMask = 2147483647;
			files = (
			);
			runOnlyForDeploymentPostprocessing = 0;
		};
/* End PBXResourcesBuildPhase section */

/* Begin PBXShellScriptBuildPhase section */
		1014E33B8861CD8E84AACFF6 /* [CP] Embed Pods Frameworks */ = {
			isa = PBXShellScriptBuildPhase;
			buildActionMask = 2147483647;
			files = (
			);
			inputFileListPaths = (
				"${PODS_ROOT}/Target Support Files/Pods-XYExtensionsDemo/Pods-XYExtensionsDemo-frameworks-${CONFIGURATION}-input-files.xcfilelist",
			);
			name = "[CP] Embed Pods Frameworks";
			outputFileListPaths = (
				"${PODS_ROOT}/Target Support Files/Pods-XYExtensionsDemo/Pods-XYExtensionsDemo-frameworks-${CONFIGURATION}-output-files.xcfilelist",
			);
			runOnlyForDeploymentPostprocessing = 0;
			shellPath = /bin/sh;
			shellScript = "\"${PODS_ROOT}/Target Support Files/Pods-XYExtensionsDemo/Pods-XYExtensionsDemo-frameworks.sh\"\n";
			showEnvVarsInLog = 0;
		};
		A72E03611CE84806DF087905 /* [CP] Check Pods Manifest.lock */ = {
			isa = PBXShellScriptBuildPhase;
			buildActionMask = 2147483647;
			files = (
			);
			inputFileListPaths = (
			);
			inputPaths = (
				"${PODS_PODFILE_DIR_PATH}/Podfile.lock",
				"${PODS_ROOT}/Manifest.lock",
			);
			name = "[CP] Check Pods Manifest.lock";
			outputFileListPaths = (
			);
			outputPaths = (
				"$(DERIVED_FILE_DIR)/Pods-XYExtensionsDemo-checkManifestLockResult.txt",
			);
			runOnlyForDeploymentPostprocessing = 0;
			shellPath = /bin/sh;
			shellScript = "diff \"${PODS_PODFILE_DIR_PATH}/Podfile.lock\" \"${PODS_ROOT}/Manifest.lock\" > /dev/null\nif [ $? != 0 ] ; then\n    # print error to STDERR\n    echo \"error: The sandbox is not in sync with the Podfile.lock. Run 'pod install' or update your CocoaPods installation.\" >&2\n    exit 1\nfi\n# This output is used by Xcode 'outputs' to avoid re-running this script phase.\necho \"SUCCESS\" > \"${SCRIPT_OUTPUT_FILE_0}\"\n";
			showEnvVarsInLog = 0;
		};
/* End PBXShellScriptBuildPhase section */

/* Begin PBXSourcesBuildPhase section */
		D765D941233CEAF6004F14D8 /* Sources */ = {
			isa = PBXSourcesBuildPhase;
			buildActionMask = 2147483647;
			files = (
				D765D94D233CEAF6004F14D8 /* ViewController.m in Sources */,
				D765D958233CEAF7004F14D8 /* main.m in Sources */,
				D765D94A233CEAF6004F14D8 /* AppDelegate.m in Sources */,
			);
			runOnlyForDeploymentPostprocessing = 0;
		};
		D765D959233CEAF7004F14D8 /* Sources */ = {
			isa = PBXSourcesBuildPhase;
			buildActionMask = 2147483647;
			files = (
				D765D962233CEAF7004F14D8 /* XYExtensionsDemoTests.m in Sources */,
			);
			runOnlyForDeploymentPostprocessing = 0;
		};
		D765D964233CEAF7004F14D8 /* Sources */ = {
			isa = PBXSourcesBuildPhase;
			buildActionMask = 2147483647;
			files = (
				D765D96D233CEAF7004F14D8 /* XYExtensionsDemoUITests.m in Sources */,
			);
			runOnlyForDeploymentPostprocessing = 0;
		};
/* End PBXSourcesBuildPhase section */

/* Begin PBXTargetDependency section */
		D765D95F233CEAF7004F14D8 /* PBXTargetDependency */ = {
			isa = PBXTargetDependency;
			target = D765D944233CEAF6004F14D8 /* XYExtensionsDemo */;
			targetProxy = D765D95E233CEAF7004F14D8 /* PBXContainerItemProxy */;
		};
		D765D96A233CEAF7004F14D8 /* PBXTargetDependency */ = {
			isa = PBXTargetDependency;
			target = D765D944233CEAF6004F14D8 /* XYExtensionsDemo */;
			targetProxy = D765D969233CEAF7004F14D8 /* PBXContainerItemProxy */;
		};
/* End PBXTargetDependency section */

/* Begin PBXVariantGroup section */
		D765D94E233CEAF6004F14D8 /* Main.storyboard */ = {
			isa = PBXVariantGroup;
			children = (
				D765D94F233CEAF6004F14D8 /* Base */,
			);
			name = Main.storyboard;
			sourceTree = "<group>";
		};
		D765D953233CEAF7004F14D8 /* LaunchScreen.storyboard */ = {
			isa = PBXVariantGroup;
			children = (
				D765D954233CEAF7004F14D8 /* Base */,
			);
			name = LaunchScreen.storyboard;
			sourceTree = "<group>";
		};
/* End PBXVariantGroup section */

/* Begin XCBuildConfiguration section */
		D765D96F233CEAF7004F14D8 /* Debug */ = {
			isa = XCBuildConfiguration;
			buildSettings = {
				ALWAYS_SEARCH_USER_PATHS = NO;
				CLANG_ANALYZER_NONNULL = YES;
				CLANG_ANALYZER_NUMBER_OBJECT_CONVERSION = YES_AGGRESSIVE;
				CLANG_CXX_LANGUAGE_STANDARD = "gnu++14";
				CLANG_CXX_LIBRARY = "libc++";
				CLANG_ENABLE_MODULES = YES;
				CLANG_ENABLE_OBJC_ARC = YES;
				CLANG_ENABLE_OBJC_WEAK = YES;
				CLANG_WARN_BLOCK_CAPTURE_AUTORELEASING = YES;
				CLANG_WARN_BOOL_CONVERSION = YES;
				CLANG_WARN_COMMA = YES;
				CLANG_WARN_CONSTANT_CONVERSION = YES;
				CLANG_WARN_DEPRECATED_OBJC_IMPLEMENTATIONS = YES;
				CLANG_WARN_DIRECT_OBJC_ISA_USAGE = YES_ERROR;
				CLANG_WARN_DOCUMENTATION_COMMENTS = YES;
				CLANG_WARN_EMPTY_BODY = YES;
				CLANG_WARN_ENUM_CONVERSION = YES;
				CLANG_WARN_INFINITE_RECURSION = YES;
				CLANG_WARN_INT_CONVERSION = YES;
				CLANG_WARN_NON_LITERAL_NULL_CONVERSION = YES;
				CLANG_WARN_OBJC_IMPLICIT_RETAIN_SELF = YES;
				CLANG_WARN_OBJC_LITERAL_CONVERSION = YES;
				CLANG_WARN_OBJC_ROOT_CLASS = YES_ERROR;
				CLANG_WARN_RANGE_LOOP_ANALYSIS = YES;
				CLANG_WARN_STRICT_PROTOTYPES = YES;
				CLANG_WARN_SUSPICIOUS_MOVE = YES;
				CLANG_WARN_UNGUARDED_AVAILABILITY = YES_AGGRESSIVE;
				CLANG_WARN_UNREACHABLE_CODE = YES;
				CLANG_WARN__DUPLICATE_METHOD_MATCH = YES;
				CODE_SIGN_IDENTITY = "iPhone Developer";
				COPY_PHASE_STRIP = NO;
				DEBUG_INFORMATION_FORMAT = dwarf;
				ENABLE_STRICT_OBJC_MSGSEND = YES;
				ENABLE_TESTABILITY = YES;
				GCC_C_LANGUAGE_STANDARD = gnu11;
				GCC_DYNAMIC_NO_PIC = NO;
				GCC_NO_COMMON_BLOCKS = YES;
				GCC_OPTIMIZATION_LEVEL = 0;
				GCC_PREPROCESSOR_DEFINITIONS = (
					"DEBUG=1",
					"$(inherited)",
				);
				GCC_WARN_64_TO_32_BIT_CONVERSION = YES;
				GCC_WARN_ABOUT_RETURN_TYPE = YES_ERROR;
				GCC_WARN_UNDECLARED_SELECTOR = YES;
				GCC_WARN_UNINITIALIZED_AUTOS = YES_AGGRESSIVE;
				GCC_WARN_UNUSED_FUNCTION = YES;
				GCC_WARN_UNUSED_VARIABLE = YES;
				IPHONEOS_DEPLOYMENT_TARGET = 12.4;
				MTL_ENABLE_DEBUG_INFO = INCLUDE_SOURCE;
				MTL_FAST_MATH = YES;
				ONLY_ACTIVE_ARCH = YES;
				SDKROOT = iphoneos;
			};
			name = Debug;
		};
		D765D970233CEAF7004F14D8 /* Release */ = {
			isa = XCBuildConfiguration;
			buildSettings = {
				ALWAYS_SEARCH_USER_PATHS = NO;
				CLANG_ANALYZER_NONNULL = YES;
				CLANG_ANALYZER_NUMBER_OBJECT_CONVERSION = YES_AGGRESSIVE;
				CLANG_CXX_LANGUAGE_STANDARD = "gnu++14";
				CLANG_CXX_LIBRARY = "libc++";
				CLANG_ENABLE_MODULES = YES;
				CLANG_ENABLE_OBJC_ARC = YES;
				CLANG_ENABLE_OBJC_WEAK = YES;
				CLANG_WARN_BLOCK_CAPTURE_AUTORELEASING = YES;
				CLANG_WARN_BOOL_CONVERSION = YES;
				CLANG_WARN_COMMA = YES;
				CLANG_WARN_CONSTANT_CONVERSION = YES;
				CLANG_WARN_DEPRECATED_OBJC_IMPLEMENTATIONS = YES;
				CLANG_WARN_DIRECT_OBJC_ISA_USAGE = YES_ERROR;
				CLANG_WARN_DOCUMENTATION_COMMENTS = YES;
				CLANG_WARN_EMPTY_BODY = YES;
				CLANG_WARN_ENUM_CONVERSION = YES;
				CLANG_WARN_INFINITE_RECURSION = YES;
				CLANG_WARN_INT_CONVERSION = YES;
				CLANG_WARN_NON_LITERAL_NULL_CONVERSION = YES;
				CLANG_WARN_OBJC_IMPLICIT_RETAIN_SELF = YES;
				CLANG_WARN_OBJC_LITERAL_CONVERSION = YES;
				CLANG_WARN_OBJC_ROOT_CLASS = YES_ERROR;
				CLANG_WARN_RANGE_LOOP_ANALYSIS = YES;
				CLANG_WARN_STRICT_PROTOTYPES = YES;
				CLANG_WARN_SUSPICIOUS_MOVE = YES;
				CLANG_WARN_UNGUARDED_AVAILABILITY = YES_AGGRESSIVE;
				CLANG_WARN_UNREACHABLE_CODE = YES;
				CLANG_WARN__DUPLICATE_METHOD_MATCH = YES;
				CODE_SIGN_IDENTITY = "iPhone Developer";
				COPY_PHASE_STRIP = NO;
				DEBUG_INFORMATION_FORMAT = "dwarf-with-dsym";
				ENABLE_NS_ASSERTIONS = NO;
				ENABLE_STRICT_OBJC_MSGSEND = YES;
				GCC_C_LANGUAGE_STANDARD = gnu11;
				GCC_NO_COMMON_BLOCKS = YES;
				GCC_WARN_64_TO_32_BIT_CONVERSION = YES;
				GCC_WARN_ABOUT_RETURN_TYPE = YES_ERROR;
				GCC_WARN_UNDECLARED_SELECTOR = YES;
				GCC_WARN_UNINITIALIZED_AUTOS = YES_AGGRESSIVE;
				GCC_WARN_UNUSED_FUNCTION = YES;
				GCC_WARN_UNUSED_VARIABLE = YES;
				IPHONEOS_DEPLOYMENT_TARGET = 12.4;
				MTL_ENABLE_DEBUG_INFO = NO;
				MTL_FAST_MATH = YES;
				SDKROOT = iphoneos;
				VALIDATE_PRODUCT = YES;
			};
			name = Release;
		};
		D765D972233CEAF7004F14D8 /* Debug */ = {
			isa = XCBuildConfiguration;
			baseConfigurationReference = 0F3A4FA1220D4A47836A8201 /* Pods-XYExtensionsDemo.debug.xcconfig */;
			buildSettings = {
				ASSETCATALOG_COMPILER_APPICON_NAME = AppIcon;
				CODE_SIGN_STYLE = Automatic;
				DEVELOPMENT_TEAM = Z35S33J39R;
				INFOPLIST_FILE = XYExtensionsDemo/Info.plist;
				LD_RUNPATH_SEARCH_PATHS = (
					"$(inherited)",
					"@executable_path/Frameworks",
				);
				PRODUCT_BUNDLE_IDENTIFIER = com.lancoo.XYExtensionsDemo;
				PRODUCT_NAME = "$(TARGET_NAME)";
				TARGETED_DEVICE_FAMILY = "1,2";
			};
			name = Debug;
		};
		D765D973233CEAF7004F14D8 /* Release */ = {
			isa = XCBuildConfiguration;
			baseConfigurationReference = DEE91AB5872431E072EDE5BD /* Pods-XYExtensionsDemo.release.xcconfig */;
			buildSettings = {
				ASSETCATALOG_COMPILER_APPICON_NAME = AppIcon;
				CODE_SIGN_STYLE = Automatic;
				DEVELOPMENT_TEAM = Z35S33J39R;
				INFOPLIST_FILE = XYExtensionsDemo/Info.plist;
				LD_RUNPATH_SEARCH_PATHS = (
					"$(inherited)",
					"@executable_path/Frameworks",
				);
				PRODUCT_BUNDLE_IDENTIFIER = com.lancoo.XYExtensionsDemo;
				PRODUCT_NAME = "$(TARGET_NAME)";
				TARGETED_DEVICE_FAMILY = "1,2";
			};
			name = Release;
		};
		D765D975233CEAF7004F14D8 /* Debug */ = {
			isa = XCBuildConfiguration;
			buildSettings = {
				BUNDLE_LOADER = "$(TEST_HOST)";
				CODE_SIGN_STYLE = Automatic;
				DEVELOPMENT_TEAM = Z35S33J39R;
				INFOPLIST_FILE = XYExtensionsDemoTests/Info.plist;
				LD_RUNPATH_SEARCH_PATHS = (
					"$(inherited)",
					"@executable_path/Frameworks",
					"@loader_path/Frameworks",
				);
				PRODUCT_BUNDLE_IDENTIFIER = com.lancoo.XYExtensionsDemoTests;
				PRODUCT_NAME = "$(TARGET_NAME)";
				TARGETED_DEVICE_FAMILY = "1,2";
				TEST_HOST = "$(BUILT_PRODUCTS_DIR)/XYExtensionsDemo.app/XYExtensionsDemo";
			};
			name = Debug;
		};
		D765D976233CEAF7004F14D8 /* Release */ = {
			isa = XCBuildConfiguration;
			buildSettings = {
				BUNDLE_LOADER = "$(TEST_HOST)";
				CODE_SIGN_STYLE = Automatic;
				DEVELOPMENT_TEAM = Z35S33J39R;
				INFOPLIST_FILE = XYExtensionsDemoTests/Info.plist;
				LD_RUNPATH_SEARCH_PATHS = (
					"$(inherited)",
					"@executable_path/Frameworks",
					"@loader_path/Frameworks",
				);
				PRODUCT_BUNDLE_IDENTIFIER = com.lancoo.XYExtensionsDemoTests;
				PRODUCT_NAME = "$(TARGET_NAME)";
				TARGETED_DEVICE_FAMILY = "1,2";
				TEST_HOST = "$(BUILT_PRODUCTS_DIR)/XYExtensionsDemo.app/XYExtensionsDemo";
			};
			name = Release;
		};
		D765D978233CEAF7004F14D8 /* Debug */ = {
			isa = XCBuildConfiguration;
			buildSettings = {
				CODE_SIGN_STYLE = Automatic;
				DEVELOPMENT_TEAM = Z35S33J39R;
				INFOPLIST_FILE = XYExtensionsDemoUITests/Info.plist;
				LD_RUNPATH_SEARCH_PATHS = (
					"$(inherited)",
					"@executable_path/Frameworks",
					"@loader_path/Frameworks",
				);
				PRODUCT_BUNDLE_IDENTIFIER = com.lancoo.XYExtensionsDemoUITests;
				PRODUCT_NAME = "$(TARGET_NAME)";
				TARGETED_DEVICE_FAMILY = "1,2";
				TEST_TARGET_NAME = XYExtensionsDemo;
			};
			name = Debug;
		};
		D765D979233CEAF7004F14D8 /* Release */ = {
			isa = XCBuildConfiguration;
			buildSettings = {
				CODE_SIGN_STYLE = Automatic;
				DEVELOPMENT_TEAM = Z35S33J39R;
				INFOPLIST_FILE = XYExtensionsDemoUITests/Info.plist;
				LD_RUNPATH_SEARCH_PATHS = (
					"$(inherited)",
					"@executable_path/Frameworks",
					"@loader_path/Frameworks",
				);
				PRODUCT_BUNDLE_IDENTIFIER = com.lancoo.XYExtensionsDemoUITests;
				PRODUCT_NAME = "$(TARGET_NAME)";
				TARGETED_DEVICE_FAMILY = "1,2";
				TEST_TARGET_NAME = XYExtensionsDemo;
			};
			name = Release;
		};
/* End XCBuildConfiguration section */

/* Begin XCConfigurationList section */
		D765D940233CEAF6004F14D8 /* Build configuration list for PBXProject "XYExtensionsDemo" */ = {
			isa = XCConfigurationList;
			buildConfigurations = (
				D765D96F233CEAF7004F14D8 /* Debug */,
				D765D970233CEAF7004F14D8 /* Release */,
			);
			defaultConfigurationIsVisible = 0;
			defaultConfigurationName = Release;
		};
		D765D971233CEAF7004F14D8 /* Build configuration list for PBXNativeTarget "XYExtensionsDemo" */ = {
			isa = XCConfigurationList;
			buildConfigurations = (
				D765D972233CEAF7004F14D8 /* Debug */,
				D765D973233CEAF7004F14D8 /* Release */,
			);
			defaultConfigurationIsVisible = 0;
			defaultConfigurationName = Release;
		};
		D765D974233CEAF7004F14D8 /* Build configuration list for PBXNativeTarget "XYExtensionsDemoTests" */ = {
			isa = XCConfigurationList;
			buildConfigurations = (
				D765D975233CEAF7004F14D8 /* Debug */,
				D765D976233CEAF7004F14D8 /* Release */,
			);
			defaultConfigurationIsVisible = 0;
			defaultConfigurationName = Release;
		};
		D765D977233CEAF7004F14D8 /* Build configuration list for PBXNativeTarget "XYExtensionsDemoUITests" */ = {
			isa = XCConfigurationList;
			buildConfigurations = (
				D765D978233CEAF7004F14D8 /* Debug */,
				D765D979233CEAF7004F14D8 /* Release */,
			);
			defaultConfigurationIsVisible = 0;
			defaultConfigurationName = Release;
		};
/* End XCConfigurationList section */
	};
	rootObject = D765D93D233CEAF6004F14D8 /* Project object */;
}
